// !$*UTF8*$!
{
	archiveVersion = 1;
	classes = {
	};
	objectVersion = 56;
	objects = {

/* Begin PBXBuildFile section */
		A526BBFD2B536F5C00D16129 /* otvApp.swift in Sources */ = {isa = PBXBuildFile; fileRef = A526BBFC2B536F5C00D16129 /* otvApp.swift */; };
		A526BBFF2B536F5C00D16129 /* ContentView.swift in Sources */ = {isa = PBXBuildFile; fileRef = A526BBFE2B536F5C00D16129 /* ContentView.swift */; };
		A526BC012B536F5D00D16129 /* Assets.xcassets in Resources */ = {isa = PBXBuildFile; fileRef = A526BC002B536F5D00D16129 /* Assets.xcassets */; };
		A526BC042B536F5D00D16129 /* Preview Assets.xcassets in Resources */ = {isa = PBXBuildFile; fileRef = A526BC032B536F5D00D16129 /* Preview Assets.xcassets */; };
		A526BC0E2B536F5D00D16129 /* otvTests.swift in Sources */ = {isa = PBXBuildFile; fileRef = A526BC0D2B536F5D00D16129 /* otvTests.swift */; };
		A526BC182B536F5D00D16129 /* otvUITests.swift in Sources */ = {isa = PBXBuildFile; fileRef = A526BC172B536F5D00D16129 /* otvUITests.swift */; };
		A526BC1A2B536F5D00D16129 /* otvUITestsLaunchTests.swift in Sources */ = {isa = PBXBuildFile; fileRef = A526BC192B536F5D00D16129 /* otvUITestsLaunchTests.swift */; };
/* End PBXBuildFile section */

/* Begin PBXContainerItemProxy section */
		A526BC0A2B536F5D00D16129 /* PBXContainerItemProxy */ = {
			isa = PBXContainerItemProxy;
			containerPortal = A526BBF12B536F5C00D16129 /* Project object */;
			proxyType = 1;
			remoteGlobalIDString = A526BBF82B536F5C00D16129;
			remoteInfo = otv;
		};
		A526BC142B536F5D00D16129 /* PBXContainerItemProxy */ = {
			isa = PBXContainerItemProxy;
			containerPortal = A526BBF12B536F5C00D16129 /* Project object */;
			proxyType = 1;
			remoteGlobalIDString = A526BBF82B536F5C00D16129;
			remoteInfo = otv;
		};
/* End PBXContainerItemProxy section */

/* Begin PBXFileReference section */
		A526BBF92B536F5C00D16129 /* otv.app */ = {isa = PBXFileReference; explicitFileType = wrapper.application; includeInIndex = 0; path = otv.app; sourceTree = BUILT_PRODUCTS_DIR; };
		A526BBFC2B536F5C00D16129 /* otvApp.swift */ = {isa = PBXFileReference; lastKnownFileType = sourcecode.swift; path = otvApp.swift; sourceTree = "<group>"; };
		A526BBFE2B536F5C00D16129 /* ContentView.swift */ = {isa = PBXFileReference; lastKnownFileType = sourcecode.swift; path = ContentView.swift; sourceTree = "<group>"; };
		A526BC002B536F5D00D16129 /* Assets.xcassets */ = {isa = PBXFileReference; lastKnownFileType = folder.assetcatalog; path = Assets.xcassets; sourceTree = "<group>"; };
		A526BC032B536F5D00D16129 /* Preview Assets.xcassets */ = {isa = PBXFileReference; lastKnownFileType = folder.assetcatalog; path = "Preview Assets.xcassets"; sourceTree = "<group>"; };
		A526BC092B536F5D00D16129 /* otvTests.xctest */ = {isa = PBXFileReference; explicitFileType = wrapper.cfbundle; includeInIndex = 0; path = otvTests.xctest; sourceTree = BUILT_PRODUCTS_DIR; };
		A526BC0D2B536F5D00D16129 /* otvTests.swift */ = {isa = PBXFileReference; lastKnownFileType = sourcecode.swift; path = otvTests.swift; sourceTree = "<group>"; };
		A526BC132B536F5D00D16129 /* otvUITests.xctest */ = {isa = PBXFileReference; explicitFileType = wrapper.cfbundle; includeInIndex = 0; path = otvUITests.xctest; sourceTree = BUILT_PRODUCTS_DIR; };
		A526BC172B536F5D00D16129 /* otvUITests.swift */ = {isa = PBXFileReference; lastKnownFileType = sourcecode.swift; path = otvUITests.swift; sourceTree = "<group>"; };
		A526BC192B536F5D00D16129 /* otvUITestsLaunchTests.swift */ = {isa = PBXFileReference; lastKnownFileType = sourcecode.swift; path = otvUITestsLaunchTests.swift; sourceTree = "<group>"; };
/* End PBXFileReference section */

/* Begin PBXFrameworksBuildPhase section */
		A526BBF62B536F5C00D16129 /* Frameworks */ = {
			isa = PBXFrameworksBuildPhase;
			buildActionMask = 2147483647;
			files = (
			);
			runOnlyForDeploymentPostprocessing = 0;
		};
		A526BC062B536F5D00D16129 /* Frameworks */ = {
			isa = PBXFrameworksBuildPhase;
			buildActionMask = 2147483647;
			files = (
			);
			runOnlyForDeploymentPostprocessing = 0;
		};
		A526BC102B536F5D00D16129 /* Frameworks */ = {
			isa = PBXFrameworksBuildPhase;
			buildActionMask = 2147483647;
			files = (
			);
			runOnlyForDeploymentPostprocessing = 0;
		};
/* End PBXFrameworksBuildPhase section */

/* Begin PBXGroup section */
		A526BBF02B536F5C00D16129 = {
			isa = PBXGroup;
			children = (
				A526BBFB2B536F5C00D16129 /* otv */,
				A526BC0C2B536F5D00D16129 /* otvTests */,
				A526BC162B536F5D00D16129 /* otvUITests */,
				A526BBFA2B536F5C00D16129 /* Products */,
			);
			sourceTree = "<group>";
		};
		A526BBFA2B536F5C00D16129 /* Products */ = {
			isa = PBXGroup;
			children = (
				A526BBF92B536F5C00D16129 /* otv.app */,
				A526BC092B536F5D00D16129 /* otvTests.xctest */,
				A526BC132B536F5D00D16129 /* otvUITests.xctest */,
			);
			name = Products;
			sourceTree = "<group>";
		};
		A526BBFB2B536F5C00D16129 /* otv */ = {
			isa = PBXGroup;
			children = (
				A526BBFC2B536F5C00D16129 /* otvApp.swift */,
				A526BBFE2B536F5C00D16129 /* ContentView.swift */,
				A526BC002B536F5D00D16129 /* Assets.xcassets */,
				A526BC022B536F5D00D16129 /* Preview Content */,
			);
			path = otv;
			sourceTree = "<group>";
		};
		A526BC022B536F5D00D16129 /* Preview Content */ = {
			isa = PBXGroup;
			children = (
				A526BC032B536F5D00D16129 /* Preview Assets.xcassets */,
			);
			path = "Preview Content";
			sourceTree = "<group>";
		};
		A526BC0C2B536F5D00D16129 /* otvTests */ = {
			isa = PBXGroup;
			children = (
				A526BC0D2B536F5D00D16129 /* otvTests.swift */,
			);
			path = otvTests;
			sourceTree = "<group>";
		};
		A526BC162B536F5D00D16129 /* otvUITests */ = {
			isa = PBXGroup;
			children = (
				A526BC172B536F5D00D16129 /* otvUITests.swift */,
				A526BC192B536F5D00D16129 /* otvUITestsLaunchTests.swift */,
			);
			path = otvUITests;
			sourceTree = "<group>";
		};
/* End PBXGroup section */

/* Begin PBXNativeTarget section */
		A526BBF82B536F5C00D16129 /* otv */ = {
			isa = PBXNativeTarget;
			buildConfigurationList = A526BC1D2B536F5D00D16129 /* Build configuration list for PBXNativeTarget "otv" */;
			buildPhases = (
				A526BBF52B536F5C00D16129 /* Sources */,
				A526BBF62B536F5C00D16129 /* Frameworks */,
				A526BBF72B536F5C00D16129 /* Resources */,
			);
			buildRules = (
			);
			dependencies = (
			);
			name = otv;
			productName = otv;
			productReference = A526BBF92B536F5C00D16129 /* otv.app */;
			productType = "com.apple.product-type.application";
		};
		A526BC082B536F5D00D16129 /* otvTests */ = {
			isa = PBXNativeTarget;
			buildConfigurationList = A526BC202B536F5D00D16129 /* Build configuration list for PBXNativeTarget "otvTests" */;
			buildPhases = (
				A526BC052B536F5D00D16129 /* Sources */,
				A526BC062B536F5D00D16129 /* Frameworks */,
				A526BC072B536F5D00D16129 /* Resources */,
			);
			buildRules = (
			);
			dependencies = (
				A526BC0B2B536F5D00D16129 /* PBXTargetDependency */,
			);
			name = otvTests;
			productName = otvTests;
			productReference = A526BC092B536F5D00D16129 /* otvTests.xctest */;
			productType = "com.apple.product-type.bundle.unit-test";
		};
		A526BC122B536F5D00D16129 /* otvUITests */ = {
			isa = PBXNativeTarget;
			buildConfigurationList = A526BC232B536F5D00D16129 /* Build configuration list for PBXNativeTarget "otvUITests" */;
			buildPhases = (
				A526BC0F2B536F5D00D16129 /* Sources */,
				A526BC102B536F5D00D16129 /* Frameworks */,
				A526BC112B536F5D00D16129 /* Resources */,
			);
			buildRules = (
			);
			dependencies = (
				A526BC152B536F5D00D16129 /* PBXTargetDependency */,
			);
			name = otvUITests;
			productName = otvUITests;
			productReference = A526BC132B536F5D00D16129 /* otvUITests.xctest */;
			productType = "com.apple.product-type.bundle.ui-testing";
		};
/* End PBXNativeTarget section */

/* Begin PBXProject section */
		A526BBF12B536F5C00D16129 /* Project object */ = {
			isa = PBXProject;
			attributes = {
				BuildIndependentTargetsInParallel = 1;
				LastSwiftUpdateCheck = 1500;
				LastUpgradeCheck = 1500;
				TargetAttributes = {
					A526BBF82B536F5C00D16129 = {
						CreatedOnToolsVersion = 15.0.1;
					};
					A526BC082B536F5D00D16129 = {
						CreatedOnToolsVersion = 15.0.1;
						TestTargetID = A526BBF82B536F5C00D16129;
					};
					A526BC122B536F5D00D16129 = {
						CreatedOnToolsVersion = 15.0.1;
						TestTargetID = A526BBF82B536F5C00D16129;
					};
				};
			};
			buildConfigurationList = A526BBF42B536F5C00D16129 /* Build configuration list for PBXProject "otv" */;
			compatibilityVersion = "Xcode 14.0";
			developmentRegion = en;
			hasScannedForEncodings = 0;
			knownRegions = (
				en,
				Base,
			);
			mainGroup = A526BBF02B536F5C00D16129;
			productRefGroup = A526BBFA2B536F5C00D16129 /* Products */;
			projectDirPath = "";
			projectRoot = "";
			targets = (
				A526BBF82B536F5C00D16129 /* otv */,
				A526BC082B536F5D00D16129 /* otvTests */,
				A526BC122B536F5D00D16129 /* otvUITests */,
			);
		};
/* End PBXProject section */

/* Begin PBXResourcesBuildPhase section */
		A526BBF72B536F5C00D16129 /* Resources */ = {
			isa = PBXResourcesBuildPhase;
			buildActionMask = 2147483647;
			files = (
				A526BC042B536F5D00D16129 /* Preview Assets.xcassets in Resources */,
				A526BC012B536F5D00D16129 /* Assets.xcassets in Resources */,
			);
			runOnlyForDeploymentPostprocessing = 0;
		};
		A526BC072B536F5D00D16129 /* Resources */ = {
			isa = PBXResourcesBuildPhase;
			buildActionMask = 2147483647;
			files = (
			);
			runOnlyForDeploymentPostprocessing = 0;
		};
		A526BC112B536F5D00D16129 /* Resources */ = {
			isa = PBXResourcesBuildPhase;
			buildActionMask = 2147483647;
			files = (
			);
			runOnlyForDeploymentPostprocessing = 0;
		};
/* End PBXResourcesBuildPhase section */

/* Begin PBXSourcesBuildPhase section */
		A526BBF52B536F5C00D16129 /* Sources */ = {
			isa = PBXSourcesBuildPhase;
			buildActionMask = 2147483647;
			files = (
				A526BBFF2B536F5C00D16129 /* ContentView.swift in Sources */,
				A526BBFD2B536F5C00D16129 /* otvApp.swift in Sources */,
			);
			runOnlyForDeploymentPostprocessing = 0;
		};
		A526BC052B536F5D00D16129 /* Sources */ = {
			isa = PBXSourcesBuildPhase;
			buildActionMask = 2147483647;
			files = (
				A526BC0E2B536F5D00D16129 /* otvTests.swift in Sources */,
			);
			runOnlyForDeploymentPostprocessing = 0;
		};
		A526BC0F2B536F5D00D16129 /* Sources */ = {
			isa = PBXSourcesBuildPhase;
			buildActionMask = 2147483647;
			files = (
				A526BC1A2B536F5D00D16129 /* otvUITestsLaunchTests.swift in Sources */,
				A526BC182B536F5D00D16129 /* otvUITests.swift in Sources */,
			);
			runOnlyForDeploymentPostprocessing = 0;
		};
/* End PBXSourcesBuildPhase section */

/* Begin PBXTargetDependency section */
		A526BC0B2B536F5D00D16129 /* PBXTargetDependency */ = {
			isa = PBXTargetDependency;
			target = A526BBF82B536F5C00D16129 /* otv */;
			targetProxy = A526BC0A2B536F5D00D16129 /* PBXContainerItemProxy */;
		};
		A526BC152B536F5D00D16129 /* PBXTargetDependency */ = {
			isa = PBXTargetDependency;
			target = A526BBF82B536F5C00D16129 /* otv */;
			targetProxy = A526BC142B536F5D00D16129 /* PBXContainerItemProxy */;
		};
/* End PBXTargetDependency section */

/* Begin XCBuildConfiguration section */
		A526BC1B2B536F5D00D16129 /* Debug */ = {
			isa = XCBuildConfiguration;
			buildSettings = {
				ALWAYS_SEARCH_USER_PATHS = NO;
				ASSETCATALOG_COMPILER_GENERATE_SWIFT_ASSET_SYMBOL_EXTENSIONS = YES;
				CLANG_ANALYZER_NONNULL = YES;
				CLANG_ANALYZER_NUMBER_OBJECT_CONVERSION = YES_AGGRESSIVE;
				CLANG_CXX_LANGUAGE_STANDARD = "gnu++20";
				CLANG_ENABLE_MODULES = YES;
				CLANG_ENABLE_OBJC_ARC = YES;
				CLANG_ENABLE_OBJC_WEAK = YES;
				CLANG_WARN_BLOCK_CAPTURE_AUTORELEASING = YES;
				CLANG_WARN_BOOL_CONVERSION = YES;
				CLANG_WARN_COMMA = YES;
				CLANG_WARN_CONSTANT_CONVERSION = YES;
				CLANG_WARN_DEPRECATED_OBJC_IMPLEMENTATIONS = YES;
				CLANG_WARN_DIRECT_OBJC_ISA_USAGE = YES_ERROR;
				CLANG_WARN_DOCUMENTATION_COMMENTS = YES;
				CLANG_WARN_EMPTY_BODY = YES;
				CLANG_WARN_ENUM_CONVERSION = YES;
				CLANG_WARN_INFINITE_RECURSION = YES;
				CLANG_WARN_INT_CONVERSION = YES;
				CLANG_WARN_NON_LITERAL_NULL_CONVERSION = YES;
				CLANG_WARN_OBJC_IMPLICIT_RETAIN_SELF = YES;
				CLANG_WARN_OBJC_LITERAL_CONVERSION = YES;
				CLANG_WARN_OBJC_ROOT_CLASS = YES_ERROR;
				CLANG_WARN_QUOTED_INCLUDE_IN_FRAMEWORK_HEADER = YES;
				CLANG_WARN_RANGE_LOOP_ANALYSIS = YES;
				CLANG_WARN_STRICT_PROTOTYPES = YES;
				CLANG_WARN_SUSPICIOUS_MOVE = YES;
				CLANG_WARN_UNGUARDED_AVAILABILITY = YES_AGGRESSIVE;
				CLANG_WARN_UNREACHABLE_CODE = YES;
				CLANG_WARN__DUPLICATE_METHOD_MATCH = YES;
				COPY_PHASE_STRIP = NO;
				DEBUG_INFORMATION_FORMAT = dwarf;
				ENABLE_STRICT_OBJC_MSGSEND = YES;
				ENABLE_TESTABILITY = YES;
				ENABLE_USER_SCRIPT_SANDBOXING = YES;
				GCC_C_LANGUAGE_STANDARD = gnu17;
				GCC_DYNAMIC_NO_PIC = NO;
				GCC_NO_COMMON_BLOCKS = YES;
				GCC_OPTIMIZATION_LEVEL = 0;
				GCC_PREPROCESSOR_DEFINITIONS = (
					"DEBUG=1",
					"$(inherited)",
				);
				GCC_WARN_64_TO_32_BIT_CONVERSION = YES;
				GCC_WARN_ABOUT_RETURN_TYPE = YES_ERROR;
				GCC_WARN_UNDECLARED_SELECTOR = YES;
				GCC_WARN_UNINITIALIZED_AUTOS = YES_AGGRESSIVE;
				GCC_WARN_UNUSED_FUNCTION = YES;
				GCC_WARN_UNUSED_VARIABLE = YES;
				IPHONEOS_DEPLOYMENT_TARGET = 17.0;
				LOCALIZATION_PREFERS_STRING_CATALOGS = YES;
				MTL_ENABLE_DEBUG_INFO = INCLUDE_SOURCE;
				MTL_FAST_MATH = YES;
				ONLY_ACTIVE_ARCH = YES;
				SDKROOT = iphoneos;
				SWIFT_ACTIVE_COMPILATION_CONDITIONS = "DEBUG $(inherited)";
				SWIFT_OPTIMIZATION_LEVEL = "-Onone";
			};
			name = Debug;
		};
		A526BC1C2B536F5D00D16129 /* Release */ = {
			isa = XCBuildConfiguration;
			buildSettings = {
				ALWAYS_SEARCH_USER_PATHS = NO;
				ASSETCATALOG_COMPILER_GENERATE_SWIFT_ASSET_SYMBOL_EXTENSIONS = YES;
				CLANG_ANALYZER_NONNULL = YES;
				CLANG_ANALYZER_NUMBER_OBJECT_CONVERSION = YES_AGGRESSIVE;
				CLANG_CXX_LANGUAGE_STANDARD = "gnu++20";
				CLANG_ENABLE_MODULES = YES;
				CLANG_ENABLE_OBJC_ARC = YES;
				CLANG_ENABLE_OBJC_WEAK = YES;
				CLANG_WARN_BLOCK_CAPTURE_AUTORELEASING = YES;
				CLANG_WARN_BOOL_CONVERSION = YES;
				CLANG_WARN_COMMA = YES;
				CLANG_WARN_CONSTANT_CONVERSION = YES;
				CLANG_WARN_DEPRECATED_OBJC_IMPLEMENTATIONS = YES;
				CLANG_WARN_DIRECT_OBJC_ISA_USAGE = YES_ERROR;
				CLANG_WARN_DOCUMENTATION_COMMENTS = YES;
				CLANG_WARN_EMPTY_BODY = YES;
				CLANG_WARN_ENUM_CONVERSION = YES;
				CLANG_WARN_INFINITE_RECURSION = YES;
				CLANG_WARN_INT_CONVERSION = YES;
				CLANG_WARN_NON_LITERAL_NULL_CONVERSION = YES;
				CLANG_WARN_OBJC_IMPLICIT_RETAIN_SELF = YES;
				CLANG_WARN_OBJC_LITERAL_CONVERSION = YES;
				CLANG_WARN_OBJC_ROOT_CLASS = YES_ERROR;
				CLANG_WARN_QUOTED_INCLUDE_IN_FRAMEWORK_HEADER = YES;
				CLANG_WARN_RANGE_LOOP_ANALYSIS = YES;
				CLANG_WARN_STRICT_PROTOTYPES = YES;
				CLANG_WARN_SUSPICIOUS_MOVE = YES;
				CLANG_WARN_UNGUARDED_AVAILABILITY = YES_AGGRESSIVE;
				CLANG_WARN_UNREACHABLE_CODE = YES;
				CLANG_WARN__DUPLICATE_METHOD_MATCH = YES;
				COPY_PHASE_STRIP = NO;
				DEBUG_INFORMATION_FORMAT = "dwarf-with-dsym";
				ENABLE_NS_ASSERTIONS = NO;
				ENABLE_STRICT_OBJC_MSGSEND = YES;
				ENABLE_USER_SCRIPT_SANDBOXING = YES;
				GCC_C_LANGUAGE_STANDARD = gnu17;
				GCC_NO_COMMON_BLOCKS = YES;
				GCC_WARN_64_TO_32_BIT_CONVERSION = YES;
				GCC_WARN_ABOUT_RETURN_TYPE = YES_ERROR;
				GCC_WARN_UNDECLARED_SELECTOR = YES;
				GCC_WARN_UNINITIALIZED_AUTOS = YES_AGGRESSIVE;
				GCC_WARN_UNUSED_FUNCTION = YES;
				GCC_WARN_UNUSED_VARIABLE = YES;
				IPHONEOS_DEPLOYMENT_TARGET = 17.0;
				LOCALIZATION_PREFERS_STRING_CATALOGS = YES;
				MTL_ENABLE_DEBUG_INFO = NO;
				MTL_FAST_MATH = YES;
				SDKROOT = iphoneos;
				SWIFT_COMPILATION_MODE = wholemodule;
				VALIDATE_PRODUCT = YES;
			};
			name = Release;
		};
		A526BC1E2B536F5D00D16129 /* Debug */ = {
			isa = XCBuildConfiguration;
			buildSettings = {
				ASSETCATALOG_COMPILER_APPICON_NAME = AppIcon;
				ASSETCATALOG_COMPILER_GLOBAL_ACCENT_COLOR_NAME = AccentColor;
				CODE_SIGN_STYLE = Automatic;
				CURRENT_PROJECT_VERSION = 1;
				DEVELOPMENT_ASSET_PATHS = "\"otv/Preview Content\"";
				ENABLE_PREVIEWS = YES;
				GENERATE_INFOPLIST_FILE = YES;
				INFOPLIST_KEY_UIApplicationSceneManifest_Generation = YES;
				INFOPLIST_KEY_UIApplicationSupportsIndirectInputEvents = YES;
				INFOPLIST_KEY_UILaunchScreen_Generation = YES;
				INFOPLIST_KEY_UISupportedInterfaceOrientations_iPad = "UIInterfaceOrientationPortrait UIInterfaceOrientationPortraitUpsideDown UIInterfaceOrientationLandscapeLeft UIInterfaceOrientationLandscapeRight";
				INFOPLIST_KEY_UISupportedInterfaceOrientations_iPhone = "UIInterfaceOrientationPortrait UIInterfaceOrientationLandscapeLeft UIInterfaceOrientationLandscapeRight";
				LD_RUNPATH_SEARCH_PATHS = (
					"$(inherited)",
					"@executable_path/Frameworks",
				);
				MARKETING_VERSION = 1.0;
				PRODUCT_BUNDLE_IDENTIFIER = nickrosen.otv;
				PRODUCT_NAME = "$(TARGET_NAME)";
				SWIFT_EMIT_LOC_STRINGS = YES;
				SWIFT_VERSION = 5.0;
				TARGETED_DEVICE_FAMILY = "1,2";
			};
			name = Debug;
		};
		A526BC1F2B536F5D00D16129 /* Release */ = {
			isa = XCBuildConfiguration;
			buildSettings = {
				ASSETCATALOG_COMPILER_APPICON_NAME = AppIcon;
				ASSETCATALOG_COMPILER_GLOBAL_ACCENT_COLOR_NAME = AccentColor;
				CODE_SIGN_STYLE = Automatic;
				CURRENT_PROJECT_VERSION = 1;
				DEVELOPMENT_ASSET_PATHS = "\"otv/Preview Content\"";
				ENABLE_PREVIEWS = YES;
				GENERATE_INFOPLIST_FILE = YES;
				INFOPLIST_KEY_UIApplicationSceneManifest_Generation = YES;
				INFOPLIST_KEY_UIApplicationSupportsIndirectInputEvents = YES;
				INFOPLIST_KEY_UILaunchScreen_Generation = YES;
				INFOPLIST_KEY_UISupportedInterfaceOrientations_iPad = "UIInterfaceOrientationPortrait UIInterfaceOrientationPortraitUpsideDown UIInterfaceOrientationLandscapeLeft UIInterfaceOrientationLandscapeRight";
				INFOPLIST_KEY_UISupportedInterfaceOrientations_iPhone = "UIInterfaceOrientationPortrait UIInterfaceOrientationLandscapeLeft UIInterfaceOrientationLandscapeRight";
				LD_RUNPATH_SEARCH_PATHS = (
					"$(inherited)",
					"@executable_path/Frameworks",
				);
				MARKETING_VERSION = 1.0;
				PRODUCT_BUNDLE_IDENTIFIER = nickrosen.otv;
				PRODUCT_NAME = "$(TARGET_NAME)";
				SWIFT_EMIT_LOC_STRINGS = YES;
				SWIFT_VERSION = 5.0;
				TARGETED_DEVICE_FAMILY = "1,2";
			};
			name = Release;
		};
		A526BC212B536F5D00D16129 /* Debug */ = {
			isa = XCBuildConfiguration;
			buildSettings = {
				ALWAYS_EMBED_SWIFT_STANDARD_LIBRARIES = YES;
				BUNDLE_LOADER = "$(TEST_HOST)";
				CODE_SIGN_STYLE = Automatic;
				CURRENT_PROJECT_VERSION = 1;
				GENERATE_INFOPLIST_FILE = YES;
				IPHONEOS_DEPLOYMENT_TARGET = 17.0;
				MARKETING_VERSION = 1.0;
				PRODUCT_BUNDLE_IDENTIFIER = nickrosen.otvTests;
				PRODUCT_NAME = "$(TARGET_NAME)";
				SWIFT_EMIT_LOC_STRINGS = NO;
				SWIFT_VERSION = 5.0;
				TARGETED_DEVICE_FAMILY = "1,2";
				TEST_HOST = "$(BUILT_PRODUCTS_DIR)/otv.app/$(BUNDLE_EXECUTABLE_FOLDER_PATH)/otv";
			};
			name = Debug;
		};
		A526BC222B536F5D00D16129 /* Release */ = {
			isa = XCBuildConfiguration;
			buildSettings = {
				ALWAYS_EMBED_SWIFT_STANDARD_LIBRARIES = YES;
				BUNDLE_LOADER = "$(TEST_HOST)";
				CODE_SIGN_STYLE = Automatic;
				CURRENT_PROJECT_VERSION = 1;
				GENERATE_INFOPLIST_FILE = YES;
				IPHONEOS_DEPLOYMENT_TARGET = 17.0;
				MARKETING_VERSION = 1.0;
				PRODUCT_BUNDLE_IDENTIFIER = nickrosen.otvTests;
				PRODUCT_NAME = "$(TARGET_NAME)";
				SWIFT_EMIT_LOC_STRINGS = NO;
				SWIFT_VERSION = 5.0;
				TARGETED_DEVICE_FAMILY = "1,2";
				TEST_HOST = "$(BUILT_PRODUCTS_DIR)/otv.app/$(BUNDLE_EXECUTABLE_FOLDER_PATH)/otv";
			};
			name = Release;
		};
		A526BC242B536F5D00D16129 /* Debug */ = {
			isa = XCBuildConfiguration;
			buildSettings = {
				ALWAYS_EMBED_SWIFT_STANDARD_LIBRARIES = YES;
				CODE_SIGN_STYLE = Automatic;
				CURRENT_PROJECT_VERSION = 1;
				GENERATE_INFOPLIST_FILE = YES;
				MARKETING_VERSION = 1.0;
				PRODUCT_BUNDLE_IDENTIFIER = nickrosen.otvUITests;
				PRODUCT_NAME = "$(TARGET_NAME)";
				SWIFT_EMIT_LOC_STRINGS = NO;
				SWIFT_VERSION = 5.0;
				TARGETED_DEVICE_FAMILY = "1,2";
				TEST_TARGET_NAME = otv;
			};
			name = Debug;
		};
		A526BC252B536F5D00D16129 /* Release */ = {
			isa = XCBuildConfiguration;
			buildSettings = {
				ALWAYS_EMBED_SWIFT_STANDARD_LIBRARIES = YES;
				CODE_SIGN_STYLE = Automatic;
				CURRENT_PROJECT_VERSION = 1;
				GENERATE_INFOPLIST_FILE = YES;
				MARKETING_VERSION = 1.0;
				PRODUCT_BUNDLE_IDENTIFIER = nickrosen.otvUITests;
				PRODUCT_NAME = "$(TARGET_NAME)";
				SWIFT_EMIT_LOC_STRINGS = NO;
				SWIFT_VERSION = 5.0;
				TARGETED_DEVICE_FAMILY = "1,2";
				TEST_TARGET_NAME = otv;
			};
			name = Release;
		};
/* End XCBuildConfiguration section */

/* Begin XCConfigurationList section */
		A526BBF42B536F5C00D16129 /* Build configuration list for PBXProject "otv" */ = {
			isa = XCConfigurationList;
			buildConfigurations = (
				A526BC1B2B536F5D00D16129 /* Debug */,
				A526BC1C2B536F5D00D16129 /* Release */,
			);
			defaultConfigurationIsVisible = 0;
			defaultConfigurationName = Release;
		};
		A526BC1D2B536F5D00D16129 /* Build configuration list for PBXNativeTarget "otv" */ = {
			isa = XCConfigurationList;
			buildConfigurations = (
				A526BC1E2B536F5D00D16129 /* Debug */,
				A526BC1F2B536F5D00D16129 /* Release */,
			);
			defaultConfigurationIsVisible = 0;
			defaultConfigurationName = Release;
		};
		A526BC202B536F5D00D16129 /* Build configuration list for PBXNativeTarget "otvTests" */ = {
			isa = XCConfigurationList;
			buildConfigurations = (
				A526BC212B536F5D00D16129 /* Debug */,
				A526BC222B536F5D00D16129 /* Release */,
			);
			defaultConfigurationIsVisible = 0;
			defaultConfigurationName = Release;
		};
		A526BC232B536F5D00D16129 /* Build configuration list for PBXNativeTarget "otvUITests" */ = {
			isa = XCConfigurationList;
			buildConfigurations = (
				A526BC242B536F5D00D16129 /* Debug */,
				A526BC252B536F5D00D16129 /* Release */,
			);
			defaultConfigurationIsVisible = 0;
			defaultConfigurationName = Release;
		};
/* End XCConfigurationList section */
	};
	rootObject = A526BBF12B536F5C00D16129 /* Project object */;
}
